
Microsoft Visual Studio Solution File, Format Version 12.00
# Visual Studio Version 16
VisualStudioVersion = 25.0.1706.1
MinimumVisualStudioVersion = 10.0.40219.1
Project("{FAE04EC0-301F-11D3-BF4B-00C04F79EFBC}") = "Ljbc1994.Blazor.IntersectionObserver", "Ljbc1994.Blazor.IntersectionObserver.csproj", "{A8867F24-8719-4AFE-8F57-2089098E6388}"
EndProject
Global
	GlobalSection(SolutionConfigurationPlatforms) = preSolution
		Debug|Any CPU = Debug|Any CPU
		Release|Any CPU = Release|Any CPU
	EndGlobalSection
	GlobalSection(ProjectConfigurationPlatforms) = postSolution
		{A8867F24-8719-4AFE-8F57-2089098E6388}.Debug|Any CPU.ActiveCfg = Debug|Any CPU
		{A8867F24-8719-4AFE-8F57-2089098E6388}.Debug|Any CPU.Build.0 = Debug|Any CPU
		{A8867F24-8719-4AFE-8F57-2089098E6388}.Release|Any CPU.ActiveCfg = Release|Any CPU
		{A8867F24-8719-4AFE-8F57-2089098E6388}.Release|Any CPU.Build.0 = Release|Any CPU
	EndGlobalSection
	GlobalSection(SolutionProperties) = preSolution
		HideSolutionNode = FALSE
	EndGlobalSection
	GlobalSection(ExtensibilityGlobals) = postSolution
		SolutionGuid = {21DF923A-0639-4BEB-AEED-24988C97CD82}
	EndGlobalSection
EndGlobal
